// !$*UTF8*$!
{
	archiveVersion = 1;
	classes = {
	};
	objectVersion = 46;
	objects = {

/* Begin PBXBuildFile section */
		03C308571A820B5400776F56 /* main.m in Sources */ = {isa = PBXBuildFile; fileRef = 03C308561A820B5400776F56 /* main.m */; };
		03C3085A1A820B5400776F56 /* AppDelegate.m in Sources */ = {isa = PBXBuildFile; fileRef = 03C308591A820B5400776F56 /* AppDelegate.m */; };
		03C3085D1A820B5400776F56 /* ViewController.m in Sources */ = {isa = PBXBuildFile; fileRef = 03C3085C1A820B5400776F56 /* ViewController.m */; };
		03C308601A820B5500776F56 /* Main.storyboard in Resources */ = {isa = PBXBuildFile; fileRef = 03C3085E1A820B5500776F56 /* Main.storyboard */; };
		03C308621A820B5500776F56 /* Images.xcassets in Resources */ = {isa = PBXBuildFile; fileRef = 03C308611A820B5500776F56 /* Images.xcassets */; };
		03C308651A820B5500776F56 /* LaunchScreen.xib in Resources */ = {isa = PBXBuildFile; fileRef = 03C308631A820B5500776F56 /* LaunchScreen.xib */; };
		03C308711A820B5500776F56 /* Sachin_ZapposTests.m in Sources */ = {isa = PBXBuildFile; fileRef = 03C308701A820B5500776F56 /* Sachin_ZapposTests.m */; };
/* End PBXBuildFile section */

/* Begin PBXContainerItemProxy section */
		03C3086B1A820B5500776F56 /* PBXContainerItemProxy */ = {
			isa = PBXContainerItemProxy;
			containerPortal = 03C308491A820B5400776F56 /* Project object */;
			proxyType = 1;
			remoteGlobalIDString = 03C308501A820B5400776F56;
			remoteInfo = Sachin_Zappos;
		};
/* End PBXContainerItemProxy section */

/* Begin PBXFileReference section */
		03C308511A820B5400776F56 /* Sachin_Zappos.app */ = {isa = PBXFileReference; explicitFileType = wrapper.application; includeInIndex = 0; path = Sachin_Zappos.app; sourceTree = BUILT_PRODUCTS_DIR; };
		03C308551A820B5400776F56 /* Info.plist */ = {isa = PBXFileReference; lastKnownFileType = text.plist.xml; path = Info.plist; sourceTree = "<group>"; };
		03C308561A820B5400776F56 /* main.m */ = {isa = PBXFileReference; lastKnownFileType = sourcecode.c.objc; path = main.m; sourceTree = "<group>"; };
		03C308581A820B5400776F56 /* AppDelegate.h */ = {isa = PBXFileReference; lastKnownFileType = sourcecode.c.h; path = AppDelegate.h; sourceTree = "<group>"; };
		03C308591A820B5400776F56 /* AppDelegate.m */ = {isa = PBXFileReference; lastKnownFileType = sourcecode.c.objc; path = AppDelegate.m; sourceTree = "<group>"; };
		03C3085B1A820B5400776F56 /* ViewController.h */ = {isa = PBXFileReference; lastKnownFileType = sourcecode.c.h; path = ViewController.h; sourceTree = "<group>"; };
		03C3085C1A820B5400776F56 /* ViewController.m */ = {isa = PBXFileReference; lastKnownFileType = sourcecode.c.objc; path = ViewController.m; sourceTree = "<group>"; };
		03C3085F1A820B5500776F56 /* Base */ = {isa = PBXFileReference; lastKnownFileType = file.storyboard; name = Base; path = Base.lproj/Main.storyboard; sourceTree = "<group>"; };
		03C308611A820B5500776F56 /* Images.xcassets */ = {isa = PBXFileReference; lastKnownFileType = folder.assetcatalog; path = Images.xcassets; sourceTree = "<group>"; };
		03C308641A820B5500776F56 /* Base */ = {isa = PBXFileReference; lastKnownFileType = file.xib; name = Base; path = Base.lproj/LaunchScreen.xib; sourceTree = "<group>"; };
		03C3086A1A820B5500776F56 /* Sachin_ZapposTests.xctest */ = {isa = PBXFileReference; explicitFileType = wrapper.cfbundle; includeInIndex = 0; path = Sachin_ZapposTests.xctest; sourceTree = BUILT_PRODUCTS_DIR; };
		03C3086F1A820B5500776F56 /* Info.plist */ = {isa = PBXFileReference; lastKnownFileType = text.plist.xml; path = Info.plist; sourceTree = "<group>"; };
		03C308701A820B5500776F56 /* Sachin_ZapposTests.m */ = {isa = PBXFileReference; lastKnownFileType = sourcecode.c.objc; path = Sachin_ZapposTests.m; sourceTree = "<group>"; };
/* End PBXFileReference section */

/* Begin PBXFrameworksBuildPhase section */
		03C3084E1A820B5400776F56 /* Frameworks */ = {
			isa = PBXFrameworksBuildPhase;
			buildActionMask = 2147483647;
			files = (
			);
			runOnlyForDeploymentPostprocessing = 0;
		};
		03C308671A820B5500776F56 /* Frameworks */ = {
			isa = PBXFrameworksBuildPhase;
			buildActionMask = 2147483647;
			files = (
			);
			runOnlyForDeploymentPostprocessing = 0;
		};
/* End PBXFrameworksBuildPhase section */

/* Begin PBXGroup section */
		03C308481A820B5400776F56 = {
			isa = PBXGroup;
			children = (
				03C308531A820B5400776F56 /* Sachin_Zappos */,
				03C3086D1A820B5500776F56 /* Sachin_ZapposTests */,
				03C308521A820B5400776F56 /* Products */,
			);
			sourceTree = "<group>";
		};
		03C308521A820B5400776F56 /* Products */ = {
			isa = PBXGroup;
			children = (
				03C308511A820B5400776F56 /* Sachin_Zappos.app */,
				03C3086A1A820B5500776F56 /* Sachin_ZapposTests.xctest */,
			);
			name = Products;
			sourceTree = "<group>";
		};
		03C308531A820B5400776F56 /* Sachin_Zappos */ = {
			isa = PBXGroup;
			children = (
				03C308581A820B5400776F56 /* AppDelegate.h */,
				03C308591A820B5400776F56 /* AppDelegate.m */,
				03C3085B1A820B5400776F56 /* ViewController.h */,
				03C3085C1A820B5400776F56 /* ViewController.m */,
				03C3085E1A820B5500776F56 /* Main.storyboard */,
				03C308611A820B5500776F56 /* Images.xcassets */,
				03C308631A820B5500776F56 /* LaunchScreen.xib */,
				03C308541A820B5400776F56 /* Supporting Files */,
			);
			path = Sachin_Zappos;
			sourceTree = "<group>";
		};
		03C308541A820B5400776F56 /* Supporting Files */ = {
			isa = PBXGroup;
			children = (
				03C308551A820B5400776F56 /* Info.plist */,
				03C308561A820B5400776F56 /* main.m */,
			);
			name = "Supporting Files";
			sourceTree = "<group>";
		};
		03C3086D1A820B5500776F56 /* Sachin_ZapposTests */ = {
			isa = PBXGroup;
			children = (
				03C308701A820B5500776F56 /* Sachin_ZapposTests.m */,
				03C3086E1A820B5500776F56 /* Supporting Files */,
			);
			path = Sachin_ZapposTests;
			sourceTree = "<group>";
		};
		03C3086E1A820B5500776F56 /* Supporting Files */ = {
			isa = PBXGroup;
			children = (
				03C3086F1A820B5500776F56 /* Info.plist */,
			);
			name = "Supporting Files";
			sourceTree = "<group>";
		};
/* End PBXGroup section */

/* Begin PBXNativeTarget section */
		03C308501A820B5400776F56 /* Sachin_Zappos */ = {
			isa = PBXNativeTarget;
			buildConfigurationList = 03C308741A820B5500776F56 /* Build configuration list for PBXNativeTarget "Sachin_Zappos" */;
			buildPhases = (
				03C3084D1A820B5400776F56 /* Sources */,
				03C3084E1A820B5400776F56 /* Frameworks */,
				03C3084F1A820B5400776F56 /* Resources */,
			);
			buildRules = (
			);
			dependencies = (
			);
			name = Sachin_Zappos;
			productName = Sachin_Zappos;
			productReference = 03C308511A820B5400776F56 /* Sachin_Zappos.app */;
			productType = "com.apple.product-type.application";
		};
		03C308691A820B5500776F56 /* Sachin_ZapposTests */ = {
			isa = PBXNativeTarget;
			buildConfigurationList = 03C308771A820B5500776F56 /* Build configuration list for PBXNativeTarget "Sachin_ZapposTests" */;
			buildPhases = (
				03C308661A820B5500776F56 /* Sources */,
				03C308671A820B5500776F56 /* Frameworks */,
				03C308681A820B5500776F56 /* Resources */,
			);
			buildRules = (
			);
			dependencies = (
				03C3086C1A820B5500776F56 /* PBXTargetDependency */,
			);
			name = Sachin_ZapposTests;
			productName = Sachin_ZapposTests;
			productReference = 03C3086A1A820B5500776F56 /* Sachin_ZapposTests.xctest */;
			productType = "com.apple.product-type.bundle.unit-test";
		};
/* End PBXNativeTarget section */

/* Begin PBXProject section */
		03C308491A820B5400776F56 /* Project object */ = {
			isa = PBXProject;
			attributes = {
				LastUpgradeCheck = 0610;
				ORGANIZATIONNAME = Sachin;
				TargetAttributes = {
					03C308501A820B5400776F56 = {
						CreatedOnToolsVersion = 6.1.1;
					};
					03C308691A820B5500776F56 = {
						CreatedOnToolsVersion = 6.1.1;
						TestTargetID = 03C308501A820B5400776F56;
					};
				};
			};
			buildConfigurationList = 03C3084C1A820B5400776F56 /* Build configuration list for PBXProject "Sachin_Zappos" */;
			compatibilityVersion = "Xcode 3.2";
			developmentRegion = English;
			hasScannedForEncodings = 0;
			knownRegions = (
				en,
				Base,
			);
			mainGroup = 03C308481A820B5400776F56;
			productRefGroup = 03C308521A820B5400776F56 /* Products */;
			projectDirPath = "";
			projectRoot = "";
			targets = (
				03C308501A820B5400776F56 /* Sachin_Zappos */,
				03C308691A820B5500776F56 /* Sachin_ZapposTests */,
			);
		};
/* End PBXProject section */

/* Begin PBXResourcesBuildPhase section */
		03C3084F1A820B5400776F56 /* Resources */ = {
			isa = PBXResourcesBuildPhase;
			buildActionMask = 2147483647;
			files = (
				03C308601A820B5500776F56 /* Main.storyboard in Resources */,
				03C308651A820B5500776F56 /* LaunchScreen.xib in Resources */,
				03C308621A820B5500776F56 /* Images.xcassets in Resources */,
			);
			runOnlyForDeploymentPostprocessing = 0;
		};
		03C308681A820B5500776F56 /* Resources */ = {
			isa = PBXResourcesBuildPhase;
			buildActionMask = 2147483647;
			files = (
			);
			runOnlyForDeploymentPostprocessing = 0;
		};
/* End PBXResourcesBuildPhase section */

/* Begin PBXSourcesBuildPhase section */
		03C3084D1A820B5400776F56 /* Sources */ = {
			isa = PBXSourcesBuildPhase;
			buildActionMask = 2147483647;
			files = (
				03C3085D1A820B5400776F56 /* ViewController.m in Sources */,
				03C3085A1A820B5400776F56 /* AppDelegate.m in Sources */,
				03C308571A820B5400776F56 /* main.m in Sources */,
			);
			runOnlyForDeploymentPostprocessing = 0;
		};
		03C308661A820B5500776F56 /* Sources */ = {
			isa = PBXSourcesBuildPhase;
			buildActionMask = 2147483647;
			files = (
				03C308711A820B5500776F56 /* Sachin_ZapposTests.m in Sources */,
			);
			runOnlyForDeploymentPostprocessing = 0;
		};
/* End PBXSourcesBuildPhase section */

/* Begin PBXTargetDependency section */
		03C3086C1A820B5500776F56 /* PBXTargetDependency */ = {
			isa = PBXTargetDependency;
			target = 03C308501A820B5400776F56 /* Sachin_Zappos */;
			targetProxy = 03C3086B1A820B5500776F56 /* PBXContainerItemProxy */;
		};
/* End PBXTargetDependency section */

/* Begin PBXVariantGroup section */
		03C3085E1A820B5500776F56 /* Main.storyboard */ = {
			isa = PBXVariantGroup;
			children = (
				03C3085F1A820B5500776F56 /* Base */,
			);
			name = Main.storyboard;
			sourceTree = "<group>";
		};
		03C308631A820B5500776F56 /* LaunchScreen.xib */ = {
			isa = PBXVariantGroup;
			children = (
				03C308641A820B5500776F56 /* Base */,
			);
			name = LaunchScreen.xib;
			sourceTree = "<group>";
		};
/* End PBXVariantGroup section */

/* Begin XCBuildConfiguration section */
		03C308721A820B5500776F56 /* Debug */ = {
			isa = XCBuildConfiguration;
			buildSettings = {
				ALWAYS_SEARCH_USER_PATHS = NO;
				CLANG_CXX_LANGUAGE_STANDARD = "gnu++0x";
				CLANG_CXX_LIBRARY = "libc++";
				CLANG_ENABLE_MODULES = YES;
				CLANG_ENABLE_OBJC_ARC = YES;
				CLANG_WARN_BOOL_CONVERSION = YES;
				CLANG_WARN_CONSTANT_CONVERSION = YES;
				CLANG_WARN_DIRECT_OBJC_ISA_USAGE = YES_ERROR;
				CLANG_WARN_EMPTY_BODY = YES;
				CLANG_WARN_ENUM_CONVERSION = YES;
				CLANG_WARN_INT_CONVERSION = YES;
				CLANG_WARN_OBJC_ROOT_CLASS = YES_ERROR;
				CLANG_WARN_UNREACHABLE_CODE = YES;
				CLANG_WARN__DUPLICATE_METHOD_MATCH = YES;
				"CODE_SIGN_IDENTITY[sdk=iphoneos*]" = "iPhone Developer";
				COPY_PHASE_STRIP = NO;
				ENABLE_STRICT_OBJC_MSGSEND = YES;
				GCC_C_LANGUAGE_STANDARD = gnu99;
				GCC_DYNAMIC_NO_PIC = NO;
				GCC_OPTIMIZATION_LEVEL = 0;
				GCC_PREPROCESSOR_DEFINITIONS = (
					"DEBUG=1",
					"$(inherited)",
				);
				GCC_SYMBOLS_PRIVATE_EXTERN = NO;
				GCC_WARN_64_TO_32_BIT_CONVERSION = YES;
				GCC_WARN_ABOUT_RETURN_TYPE = YES_ERROR;
				GCC_WARN_UNDECLARED_SELECTOR = YES;
				GCC_WARN_UNINITIALIZED_AUTOS = YES_AGGRESSIVE;
				GCC_WARN_UNUSED_FUNCTION = YES;
				GCC_WARN_UNUSED_VARIABLE = YES;
				IPHONEOS_DEPLOYMENT_TARGET = 8.1;
				MTL_ENABLE_DEBUG_INFO = YES;
				ONLY_ACTIVE_ARCH = YES;
				SDKROOT = iphoneos;
				TARGETED_DEVICE_FAMILY = "1,2";
			};
			name = Debug;
		};
		03C308731A820B5500776F56 /* Release */ = {
			isa = XCBuildConfiguration;
			buildSettings = {
				ALWAYS_SEARCH_USER_PATHS = NO;
				CLANG_CXX_LANGUAGE_STANDARD = "gnu++0x";
				CLANG_CXX_LIBRARY = "libc++";
				CLANG_ENABLE_MODULES = YES;
				CLANG_ENABLE_OBJC_ARC = YES;
				CLANG_WARN_BOOL_CONVERSION = YES;
				CLANG_WARN_CONSTANT_CONVERSION = YES;
				CLANG_WARN_DIRECT_OBJC_ISA_USAGE = YES_ERROR;
				CLANG_WARN_EMPTY_BODY = YES;
				CLANG_WARN_ENUM_CONVERSION = YES;
				CLANG_WARN_INT_CONVERSION = YES;
				CLANG_WARN_OBJC_ROOT_CLASS = YES_ERROR;
				CLANG_WARN_UNREACHABLE_CODE = YES;
				CLANG_WARN__DUPLICATE_METHOD_MATCH = YES;
				"CODE_SIGN_IDENTITY[sdk=iphoneos*]" = "iPhone Developer";
				COPY_PHASE_STRIP = YES;
				ENABLE_NS_ASSERTIONS = NO;
				ENABLE_STRICT_OBJC_MSGSEND = YES;
				GCC_C_LANGUAGE_STANDARD = gnu99;
				GCC_WARN_64_TO_32_BIT_CONVERSION = YES;
				GCC_WARN_ABOUT_RETURN_TYPE = YES_ERROR;
				GCC_WARN_UNDECLARED_SELECTOR = YES;
				GCC_WARN_UNINITIALIZED_AUTOS = YES_AGGRESSIVE;
				GCC_WARN_UNUSED_FUNCTION = YES;
				GCC_WARN_UNUSED_VARIABLE = YES;
				IPHONEOS_DEPLOYMENT_TARGET = 8.1;
				MTL_ENABLE_DEBUG_INFO = NO;
				SDKROOT = iphoneos;
				TARGETED_DEVICE_FAMILY = "1,2";
				VALIDATE_PRODUCT = YES;
			};
			name = Release;
		};
		03C308751A820B5500776F56 /* Debug */ = {
			isa = XCBuildConfiguration;
			buildSettings = {
				ASSETCATALOG_COMPILER_APPICON_NAME = AppIcon;
				INFOPLIST_FILE = Sachin_Zappos/Info.plist;
				LD_RUNPATH_SEARCH_PATHS = "$(inherited) @executable_path/Frameworks";
				PRODUCT_NAME = "$(TARGET_NAME)";
			};
			name = Debug;
		};
		03C308761A820B5500776F56 /* Release */ = {
			isa = XCBuildConfiguration;
			buildSettings = {
				ASSETCATALOG_COMPILER_APPICON_NAME = AppIcon;
				INFOPLIST_FILE = Sachin_Zappos/Info.plist;
				LD_RUNPATH_SEARCH_PATHS = "$(inherited) @executable_path/Frameworks";
				PRODUCT_NAME = "$(TARGET_NAME)";
			};
			name = Release;
		};
		03C308781A820B5500776F56 /* Debug */ = {
			isa = XCBuildConfiguration;
			buildSettings = {
				BUNDLE_LOADER = "$(TEST_HOST)";
				FRAMEWORK_SEARCH_PATHS = (
					"$(SDKROOT)/Developer/Library/Frameworks",
					"$(inherited)",
				);
				GCC_PREPROCESSOR_DEFINITIONS = (
					"DEBUG=1",
					"$(inherited)",
				);
				INFOPLIST_FILE = Sachin_ZapposTests/Info.plist;
				LD_RUNPATH_SEARCH_PATHS = "$(inherited) @executable_path/Frameworks @loader_path/Frameworks";
				PRODUCT_NAME = "$(TARGET_NAME)";
				TEST_HOST = "$(BUILT_PRODUCTS_DIR)/Sachin_Zappos.app/Sachin_Zappos";
			};
			name = Debug;
		};
		03C308791A820B5500776F56 /* Release */ = {
			isa = XCBuildConfiguration;
			buildSettings = {
				BUNDLE_LOADER = "$(TEST_HOST)";
				FRAMEWORK_SEARCH_PATHS = (
					"$(SDKROOT)/Developer/Library/Frameworks",
					"$(inherited)",
				);
				INFOPLIST_FILE = Sachin_ZapposTests/Info.plist;
				LD_RUNPATH_SEARCH_PATHS = "$(inherited) @executable_path/Frameworks @loader_path/Frameworks";
				PRODUCT_NAME = "$(TARGET_NAME)";
				TEST_HOST = "$(BUILT_PRODUCTS_DIR)/Sachin_Zappos.app/Sachin_Zappos";
			};
			name = Release;
		};
/* End XCBuildConfiguration section */

/* Begin XCConfigurationList section */
		03C3084C1A820B5400776F56 /* Build configuration list for PBXProject "Sachin_Zappos" */ = {
			isa = XCConfigurationList;
			buildConfigurations = (
				03C308721A820B5500776F56 /* Debug */,
				03C308731A820B5500776F56 /* Release */,
			);
			defaultConfigurationIsVisible = 0;
			defaultConfigurationName = Release;
		};
		03C308741A820B5500776F56 /* Build configuration list for PBXNativeTarget "Sachin_Zappos" */ = {
			isa = XCConfigurationList;
			buildConfigurations = (
				03C308751A820B5500776F56 /* Debug */,
				03C308761A820B5500776F56 /* Release */,
			);
			defaultConfigurationIsVisible = 0;
		};
		03C308771A820B5500776F56 /* Build configuration list for PBXNativeTarget "Sachin_ZapposTests" */ = {
			isa = XCConfigurationList;
			buildConfigurations = (
				03C308781A820B5500776F56 /* Debug */,
				03C308791A820B5500776F56 /* Release */,
			);
			defaultConfigurationIsVisible = 0;
		};
/* End XCConfigurationList section */
	};
	rootObject = 03C308491A820B5400776F56 /* Project object */;
}
